
Microsoft Visual Studio Solution File, Format Version 12.00
# Visual Studio Version 16
VisualStudioVersion = 16.0.29806.167
MinimumVisualStudioVersion = 10.0.40219.1
Project("{9A19103F-16F7-4668-BE54-9A1E7A4F7556}") = "List1Exercise9", "List1Exercise9\List1Exercise9.csproj", "{A861DFF9-5B04-476D-AB81-6878365902CF}"
EndProject
Project("{9A19103F-16F7-4668-BE54-9A1E7A4F7556}") = "List1Exercise10", "List1Exercise10\List1Exercise10.csproj", "{FA77580F-FC71-48A0-8502-5A0BA398A08E}"
EndProject
Project("{9A19103F-16F7-4668-BE54-9A1E7A4F7556}") = "List2Exercise4", "List2Exercise4\List2Exercise4.csproj", "{FB38EE86-3DD6-49BB-9DD1-6F60265C5DCA}"
EndProject
Project("{9A19103F-16F7-4668-BE54-9A1E7A4F7556}") = "List2Exercise4c", "List2Exercise4cd\List2Exercise4c.csproj", "{782D2D65-56DD-4D00-92A1-A9598F633594}"
EndProject
Project("{9A19103F-16F7-4668-BE54-9A1E7A4F7556}") = "List3Exercise5a", "List3Exercise5\List3Exercise5a.csproj", "{EB201B7C-D2CD-402D-9F49-A65828B69DA0}"
EndProject
Project("{9A19103F-16F7-4668-BE54-9A1E7A4F7556}") = "List4Exercise4a", "List4Exercise1a\List4Exercise4a.csproj", "{5E9B9EC1-EDB2-423E-9515-B28A543F7772}"
EndProject
Project("{9A19103F-16F7-4668-BE54-9A1E7A4F7556}") = "List4Exercise4b", "List4Exercise4b\List4Exercise4b.csproj", "{3A8C0223-9BDC-4ECF-8D10-53D7006260B1}"
EndProject
Project("{9A19103F-16F7-4668-BE54-9A1E7A4F7556}") = "List5Exercise3", "List5Exercise3\List5Exercise3.csproj", "{A706F41F-C267-439B-8E6C-A6F7264EB9EF}"
EndProject
Project("{9A19103F-16F7-4668-BE54-9A1E7A4F7556}") = "List2Exercise4b", "List2Exercise4b\List2Exercise4b.csproj", "{D00F8C53-315F-4674-8855-AEFDA44B2FBB}"
EndProject
Project("{9A19103F-16F7-4668-BE54-9A1E7A4F7556}") = "List2Exercise4cver2", "List2Exercise4cver2\List2Exercise4cver2.csproj", "{F7B75886-B219-47AA-8559-D6EBAF1B46C4}"
EndProject
Project("{FAE04EC0-301F-11D3-BF4B-00C04F79EFBC}") = "List2Exercise4d", "List2Exercise4d\List2Exercise4d.csproj", "{4B916D06-0761-48D1-A7AF-4132B91225BC}"
EndProject
Project("{FAE04EC0-301F-11D3-BF4B-00C04F79EFBC}") = "List6Exercise2", "List6Exercise2\List6Exercise2.csproj", "{D8D97CD0-6768-44BC-B4B7-FF7E399D72C1}"
EndProject
Global
	GlobalSection(SolutionConfigurationPlatforms) = preSolution
		Debug|Any CPU = Debug|Any CPU
		Release|Any CPU = Release|Any CPU
	EndGlobalSection
	GlobalSection(ProjectConfigurationPlatforms) = postSolution
		{A861DFF9-5B04-476D-AB81-6878365902CF}.Debug|Any CPU.ActiveCfg = Debug|Any CPU
		{A861DFF9-5B04-476D-AB81-6878365902CF}.Debug|Any CPU.Build.0 = Debug|Any CPU
		{A861DFF9-5B04-476D-AB81-6878365902CF}.Release|Any CPU.ActiveCfg = Release|Any CPU
		{A861DFF9-5B04-476D-AB81-6878365902CF}.Release|Any CPU.Build.0 = Release|Any CPU
		{FA77580F-FC71-48A0-8502-5A0BA398A08E}.Debug|Any CPU.ActiveCfg = Debug|Any CPU
		{FA77580F-FC71-48A0-8502-5A0BA398A08E}.Debug|Any CPU.Build.0 = Debug|Any CPU
		{FA77580F-FC71-48A0-8502-5A0BA398A08E}.Release|Any CPU.ActiveCfg = Release|Any CPU
		{FA77580F-FC71-48A0-8502-5A0BA398A08E}.Release|Any CPU.Build.0 = Release|Any CPU
		{FB38EE86-3DD6-49BB-9DD1-6F60265C5DCA}.Debug|Any CPU.ActiveCfg = Debug|Any CPU
		{FB38EE86-3DD6-49BB-9DD1-6F60265C5DCA}.Debug|Any CPU.Build.0 = Debug|Any CPU
		{FB38EE86-3DD6-49BB-9DD1-6F60265C5DCA}.Release|Any CPU.ActiveCfg = Release|Any CPU
		{FB38EE86-3DD6-49BB-9DD1-6F60265C5DCA}.Release|Any CPU.Build.0 = Release|Any CPU
		{782D2D65-56DD-4D00-92A1-A9598F633594}.Debug|Any CPU.ActiveCfg = Debug|Any CPU
		{782D2D65-56DD-4D00-92A1-A9598F633594}.Debug|Any CPU.Build.0 = Debug|Any CPU
		{782D2D65-56DD-4D00-92A1-A9598F633594}.Release|Any CPU.ActiveCfg = Release|Any CPU
		{782D2D65-56DD-4D00-92A1-A9598F633594}.Release|Any CPU.Build.0 = Release|Any CPU
		{EB201B7C-D2CD-402D-9F49-A65828B69DA0}.Debug|Any CPU.ActiveCfg = Debug|Any CPU
		{EB201B7C-D2CD-402D-9F49-A65828B69DA0}.Debug|Any CPU.Build.0 = Debug|Any CPU
		{EB201B7C-D2CD-402D-9F49-A65828B69DA0}.Release|Any CPU.ActiveCfg = Release|Any CPU
		{EB201B7C-D2CD-402D-9F49-A65828B69DA0}.Release|Any CPU.Build.0 = Release|Any CPU
		{5E9B9EC1-EDB2-423E-9515-B28A543F7772}.Debug|Any CPU.ActiveCfg = Debug|Any CPU
		{5E9B9EC1-EDB2-423E-9515-B28A543F7772}.Debug|Any CPU.Build.0 = Debug|Any CPU
		{5E9B9EC1-EDB2-423E-9515-B28A543F7772}.Release|Any CPU.ActiveCfg = Release|Any CPU
		{5E9B9EC1-EDB2-423E-9515-B28A543F7772}.Release|Any CPU.Build.0 = Release|Any CPU
		{3A8C0223-9BDC-4ECF-8D10-53D7006260B1}.Debug|Any CPU.ActiveCfg = Debug|Any CPU
		{3A8C0223-9BDC-4ECF-8D10-53D7006260B1}.Debug|Any CPU.Build.0 = Debug|Any CPU
		{3A8C0223-9BDC-4ECF-8D10-53D7006260B1}.Release|Any CPU.ActiveCfg = Release|Any CPU
		{3A8C0223-9BDC-4ECF-8D10-53D7006260B1}.Release|Any CPU.Build.0 = Release|Any CPU
		{A706F41F-C267-439B-8E6C-A6F7264EB9EF}.Debug|Any CPU.ActiveCfg = Debug|Any CPU
		{A706F41F-C267-439B-8E6C-A6F7264EB9EF}.Debug|Any CPU.Build.0 = Debug|Any CPU
		{A706F41F-C267-439B-8E6C-A6F7264EB9EF}.Release|Any CPU.ActiveCfg = Release|Any CPU
		{A706F41F-C267-439B-8E6C-A6F7264EB9EF}.Release|Any CPU.Build.0 = Release|Any CPU
		{D00F8C53-315F-4674-8855-AEFDA44B2FBB}.Debug|Any CPU.ActiveCfg = Debug|Any CPU
		{D00F8C53-315F-4674-8855-AEFDA44B2FBB}.Debug|Any CPU.Build.0 = Debug|Any CPU
		{D00F8C53-315F-4674-8855-AEFDA44B2FBB}.Release|Any CPU.ActiveCfg = Release|Any CPU
		{D00F8C53-315F-4674-8855-AEFDA44B2FBB}.Release|Any CPU.Build.0 = Release|Any CPU
		{F7B75886-B219-47AA-8559-D6EBAF1B46C4}.Debug|Any CPU.ActiveCfg = Debug|Any CPU
		{F7B75886-B219-47AA-8559-D6EBAF1B46C4}.Debug|Any CPU.Build.0 = Debug|Any CPU
		{F7B75886-B219-47AA-8559-D6EBAF1B46C4}.Release|Any CPU.ActiveCfg = Release|Any CPU
		{F7B75886-B219-47AA-8559-D6EBAF1B46C4}.Release|Any CPU.Build.0 = Release|Any CPU
		{4B916D06-0761-48D1-A7AF-4132B91225BC}.Debug|Any CPU.ActiveCfg = Debug|Any CPU
		{4B916D06-0761-48D1-A7AF-4132B91225BC}.Debug|Any CPU.Build.0 = Debug|Any CPU
		{4B916D06-0761-48D1-A7AF-4132B91225BC}.Release|Any CPU.ActiveCfg = Release|Any CPU
		{4B916D06-0761-48D1-A7AF-4132B91225BC}.Release|Any CPU.Build.0 = Release|Any CPU
		{D8D97CD0-6768-44BC-B4B7-FF7E399D72C1}.Debug|Any CPU.ActiveCfg = Debug|Any CPU
		{D8D97CD0-6768-44BC-B4B7-FF7E399D72C1}.Debug|Any CPU.Build.0 = Debug|Any CPU
		{D8D97CD0-6768-44BC-B4B7-FF7E399D72C1}.Release|Any CPU.ActiveCfg = Release|Any CPU
		{D8D97CD0-6768-44BC-B4B7-FF7E399D72C1}.Release|Any CPU.Build.0 = Release|Any CPU
	EndGlobalSection
	GlobalSection(SolutionProperties) = preSolution
		HideSolutionNode = FALSE
	EndGlobalSection
	GlobalSection(ExtensibilityGlobals) = postSolution
		SolutionGuid = {30EAA29E-D253-406F-B99A-03A417C86721}
	EndGlobalSection
EndGlobal
